<?xml version="1.0" encoding="utf-8"?>
<Project ToolsVersion="4.0" xmlns="http://schemas.microsoft.com/developer/msbuild/2003">
  <ItemGroup>
    <Filter Include="Source Files">
      <UniqueIdentifier>{4FC737F1-C7A5-4376-A066-2A32D752A2FF}</UniqueIdentifier>
      <Extensions>cpp;c;cc;cxx;c++;cppm;ixx;def;odl;idl;hpj;bat;asm;asmx</Extensions>
    </Filter>
    <Filter Include="Header Files">
      <UniqueIdentifier>{93995380-89BD-4b04-88EB-625FBE52EBFB}</UniqueIdentifier>
      <Extensions>h;hh;hpp;hxx;h++;hm;inl;inc;ipp;xsd</Extensions>
    </Filter>
    <Filter Include="Resource Files">
      <UniqueIdentifier>{67DA6AB6-F800-4c08-8B7A-83BB121AAD01}</UniqueIdentifier>
      <Extensions>rc;ico;cur;bmp;dlg;rc2;rct;bin;rgs;gif;jpg;jpeg;jpe;resx;tiff;tif;png;wav;mfcribbon-ms</Extensions>
    </Filter>
    <Filter Include="Source Files\Entities">
      <UniqueIdentifier>{a653c218-c225-4e9e-a530-8c81356bb68e}</UniqueIdentifier>
    </Filter>
    <Filter Include="Source Files\Physics">
      <UniqueIdentifier>{ef6d6bcd-52b8-483e-8170-1b426378bfb9}</UniqueIdentifier>
    </Filter>
    <Filter Include="Source Files\AI">
      <UniqueIdentifier>{374efdd1-758d-49cc-926f-9ccc617eb956}</UniqueIdentifier>
    </Filter>
  </ItemGroup>
  <ItemGroup>
    <ClCompile Include="SpaceGame_II.cpp">
      <Filter>Source Files</Filter>
    </ClCompile>
    <ClCompile Include="ShipEntity.cpp">
      <Filter>Source Files\Entities</Filter>
    </ClCompile>
    <ClCompile Include="Gravity.cpp">
      <Filter>Source Files\Physics</Filter>
    </ClCompile>
    <ClCompile Include="MovementController.cpp">
      <Filter>Source Files\Physics</Filter>
    </ClCompile>
    <ClCompile Include="SideBoosters.cpp">
      <Filter>Source Files\Physics</Filter>
    </ClCompile>
    <ClCompile Include="Obstacles.cpp">
      <Filter>Source Files</Filter>
    </ClCompile>
    <ClCompile Include="UI.cpp">
      <Filter>Source Files</Filter>
    </ClCompile>
    <ClCompile Include="PID.cpp">
      <Filter>Source Files\AI</Filter>
    </ClCompile>
  </ItemGroup>
  <ItemGroup>
    <ClInclude Include="ShipEntity.h">
      <Filter>Header Files</Filter>
    </ClInclude>
    <ClInclude Include="Gravity.h">
      <Filter>Header Files</Filter>
    </ClInclude>
    <ClInclude Include="MovementController.h">
      <Filter>Header Files</Filter>
    </ClInclude>
    <ClInclude Include="SideBoosters.h">
      <Filter>Header Files</Filter>
    </ClInclude>
    <ClInclude Include="SpaceGame_II.h">
      <Filter>Header Files</Filter>
    </ClInclude>
    <ClInclude Include="Obstacles.h">
      <Filter>Header Files</Filter>
    </ClInclude>
    <ClInclude Include="UI.h">
      <Filter>Header Files</Filter>
    </ClInclude>
    <ClInclude Include="PID.h">
      <Filter>Header Files</Filter>
    </ClInclude>
  </ItemGroup>
  <ItemGroup>
    <Image Include="animated_asteroid.png">
      <Filter>Resource Files</Filter>
    </Image>
    <Image Include="backgroundImage.png">
      <Filter>Resource Files</Filter>
    </Image>
    <Image Include="engineSpriteSheet.png">
      <Filter>Resource Files</Filter>
    </Image>
    <Image Include="engineSpriteSheet2.png">
      <Filter>Resource Files</Filter>
    </Image>
    <Image Include="ship.png">
      <Filter>Resource Files</Filter>
    </Image>
    <Image Include="ship2.png">
      <Filter>Resource Files</Filter>
    </Image>
  </ItemGroup>
</Project>